
Microsoft Visual Studio Solution File, Format Version 12.00
# Visual Studio Version 17
VisualStudioVersion = 17.6.33815.320
MinimumVisualStudioVersion = 10.0.40219.1
Project("{FAE04EC0-301F-11D3-BF4B-00C04F79EFBC}") = "OffersManagement", "OffersManagement.csproj", "{BF7A5E5D-ED2B-42E7-8BED-7B9AF4A9C98E}"
EndProject
Global
	GlobalSection(SolutionConfigurationPlatforms) = preSolution
		Debug|Any CPU = Debug|Any CPU
		Release|Any CPU = Release|Any CPU
	EndGlobalSection
	GlobalSection(ProjectConfigurationPlatforms) = postSolution
		{BF7A5E5D-ED2B-42E7-8BED-7B9AF4A9C98E}.Debug|Any CPU.ActiveCfg = Debug|Any CPU
		{BF7A5E5D-ED2B-42E7-8BED-7B9AF4A9C98E}.Debug|Any CPU.Build.0 = Debug|Any CPU
		{BF7A5E5D-ED2B-42E7-8BED-7B9AF4A9C98E}.Release|Any CPU.ActiveCfg = Release|Any CPU
		{BF7A5E5D-ED2B-42E7-8BED-7B9AF4A9C98E}.Release|Any CPU.Build.0 = Release|Any CPU
	EndGlobalSection
	GlobalSection(SolutionProperties) = preSolution
		HideSolutionNode = FALSE
	EndGlobalSection
	GlobalSection(ExtensibilityGlobals) = postSolution
		SolutionGuid = {2C867325-8C69-488E-BBBA-C7CB2A45C78C}
	EndGlobalSection
EndGlobal
